
Microsoft Visual Studio Solution File, Format Version 12.00
# Visual Studio 15
VisualStudioVersion = 15.0.28010.2019
MinimumVisualStudioVersion = 10.0.40219.1
Project("{FAE04EC0-301F-11D3-BF4B-00C04F79EFBC}") = "git1", "git1\git1.csproj", "{9EDD8FA1-5D21-4AC5-9A24-2CFD03365EFD}"
EndProject
Global
	GlobalSection(SolutionConfigurationPlatforms) = preSolution
		Debug|Any CPU = Debug|Any CPU
		Release|Any CPU = Release|Any CPU
	EndGlobalSection
	GlobalSection(ProjectConfigurationPlatforms) = postSolution
		{9EDD8FA1-5D21-4AC5-9A24-2CFD03365EFD}.Debug|Any CPU.ActiveCfg = Debug|Any CPU
		{9EDD8FA1-5D21-4AC5-9A24-2CFD03365EFD}.Debug|Any CPU.Build.0 = Debug|Any CPU
		{9EDD8FA1-5D21-4AC5-9A24-2CFD03365EFD}.Release|Any CPU.ActiveCfg = Release|Any CPU
		{9EDD8FA1-5D21-4AC5-9A24-2CFD03365EFD}.Release|Any CPU.Build.0 = Release|Any CPU
	EndGlobalSection
	GlobalSection(SolutionProperties) = preSolution
		HideSolutionNode = FALSE
	EndGlobalSection
	GlobalSection(ExtensibilityGlobals) = postSolution
		SolutionGuid = {1F657D44-F22A-476D-9E9F-17321A9581C8}
	EndGlobalSection
EndGlobal
